
Microsoft Visual Studio Solution File, Format Version 12.00
# Visual Studio Version 16
VisualStudioVersion = 16.0.29911.84
MinimumVisualStudioVersion = 10.0.40219.1
Project("{9A19103F-16F7-4668-BE54-9A1E7A4F7556}") = "Server Thread-Delegate", "Server Thread-Delegate\Server Thread-Delegate.csproj", "{35485268-D283-430D-A279-74762AC63684}"
EndProject
Project("{FAE04EC0-301F-11D3-BF4B-00C04F79EFBC}") = "Client", "Client\Client.csproj", "{4BC6FC6A-56CC-455A-81D3-A9F080F4ACE7}"
EndProject
Project("{FAE04EC0-301F-11D3-BF4B-00C04F79EFBC}") = "Server Async-Await", "Server Async-Await\Server Async-Await.csproj", "{C765CB3C-2768-46F5-B3B1-CC9FC4C63B28}"
EndProject
Global
	GlobalSection(SolutionConfigurationPlatforms) = preSolution
		Debug|Any CPU = Debug|Any CPU
		Release|Any CPU = Release|Any CPU
	EndGlobalSection
	GlobalSection(ProjectConfigurationPlatforms) = postSolution
		{35485268-D283-430D-A279-74762AC63684}.Debug|Any CPU.ActiveCfg = Debug|Any CPU
		{35485268-D283-430D-A279-74762AC63684}.Debug|Any CPU.Build.0 = Debug|Any CPU
		{35485268-D283-430D-A279-74762AC63684}.Release|Any CPU.ActiveCfg = Release|Any CPU
		{35485268-D283-430D-A279-74762AC63684}.Release|Any CPU.Build.0 = Release|Any CPU
		{4BC6FC6A-56CC-455A-81D3-A9F080F4ACE7}.Debug|Any CPU.ActiveCfg = Debug|Any CPU
		{4BC6FC6A-56CC-455A-81D3-A9F080F4ACE7}.Debug|Any CPU.Build.0 = Debug|Any CPU
		{4BC6FC6A-56CC-455A-81D3-A9F080F4ACE7}.Release|Any CPU.ActiveCfg = Release|Any CPU
		{4BC6FC6A-56CC-455A-81D3-A9F080F4ACE7}.Release|Any CPU.Build.0 = Release|Any CPU
		{C765CB3C-2768-46F5-B3B1-CC9FC4C63B28}.Debug|Any CPU.ActiveCfg = Debug|Any CPU
		{C765CB3C-2768-46F5-B3B1-CC9FC4C63B28}.Debug|Any CPU.Build.0 = Debug|Any CPU
		{C765CB3C-2768-46F5-B3B1-CC9FC4C63B28}.Release|Any CPU.ActiveCfg = Release|Any CPU
		{C765CB3C-2768-46F5-B3B1-CC9FC4C63B28}.Release|Any CPU.Build.0 = Release|Any CPU
	EndGlobalSection
	GlobalSection(SolutionProperties) = preSolution
		HideSolutionNode = FALSE
	EndGlobalSection
	GlobalSection(ExtensibilityGlobals) = postSolution
		SolutionGuid = {73F48108-5C50-4B7C-8CC5-791634556A65}
	EndGlobalSection
EndGlobal
